
Microsoft Visual Studio Solution File, Format Version 12.00
# Visual Studio 15
VisualStudioVersion = 15.0.28307.645
MinimumVisualStudioVersion = 10.0.40219.1
Project("{FAE04EC0-301F-11D3-BF4B-00C04F79EFBC}") = "MainCorreo", "FrmPpal\MainCorreo.csproj", "{0707C7E3-CFCE-4A35-B866-88B222560452}"
EndProject
Project("{FAE04EC0-301F-11D3-BF4B-00C04F79EFBC}") = "Entidades", "Entidades\Entidades.csproj", "{BCFC3F35-F98B-4004-AF08-1F9F91194E03}"
EndProject
Project("{FAE04EC0-301F-11D3-BF4B-00C04F79EFBC}") = "UnitTest", "UnitTest\UnitTest.csproj", "{A1B8F5AA-E62F-41E4-93F6-9E8A34727722}"
EndProject
Global
	GlobalSection(SolutionConfigurationPlatforms) = preSolution
		Debug|Any CPU = Debug|Any CPU
		Release|Any CPU = Release|Any CPU
	EndGlobalSection
	GlobalSection(ProjectConfigurationPlatforms) = postSolution
		{0707C7E3-CFCE-4A35-B866-88B222560452}.Debug|Any CPU.ActiveCfg = Debug|Any CPU
		{0707C7E3-CFCE-4A35-B866-88B222560452}.Debug|Any CPU.Build.0 = Debug|Any CPU
		{0707C7E3-CFCE-4A35-B866-88B222560452}.Release|Any CPU.ActiveCfg = Release|Any CPU
		{0707C7E3-CFCE-4A35-B866-88B222560452}.Release|Any CPU.Build.0 = Release|Any CPU
		{BCFC3F35-F98B-4004-AF08-1F9F91194E03}.Debug|Any CPU.ActiveCfg = Debug|Any CPU
		{BCFC3F35-F98B-4004-AF08-1F9F91194E03}.Debug|Any CPU.Build.0 = Debug|Any CPU
		{BCFC3F35-F98B-4004-AF08-1F9F91194E03}.Release|Any CPU.ActiveCfg = Release|Any CPU
		{BCFC3F35-F98B-4004-AF08-1F9F91194E03}.Release|Any CPU.Build.0 = Release|Any CPU
		{A1B8F5AA-E62F-41E4-93F6-9E8A34727722}.Debug|Any CPU.ActiveCfg = Debug|Any CPU
		{A1B8F5AA-E62F-41E4-93F6-9E8A34727722}.Debug|Any CPU.Build.0 = Debug|Any CPU
		{A1B8F5AA-E62F-41E4-93F6-9E8A34727722}.Release|Any CPU.ActiveCfg = Release|Any CPU
		{A1B8F5AA-E62F-41E4-93F6-9E8A34727722}.Release|Any CPU.Build.0 = Release|Any CPU
	EndGlobalSection
	GlobalSection(SolutionProperties) = preSolution
		HideSolutionNode = FALSE
	EndGlobalSection
	GlobalSection(ExtensibilityGlobals) = postSolution
		SolutionGuid = {5B74C511-A673-479F-B06E-66C8A0C6571D}
	EndGlobalSection
EndGlobal
