
Microsoft Visual Studio Solution File, Format Version 12.00
# Visual Studio 15
VisualStudioVersion = 15.0.28307.572
MinimumVisualStudioVersion = 10.0.40219.1
Project("{FAE04EC0-301F-11D3-BF4B-00C04F79EFBC}") = "Main", "Main\Main.csproj", "{2F0D1B01-4C22-4BE9-87B3-02AC12E85886}"
EndProject
Project("{FAE04EC0-301F-11D3-BF4B-00C04F79EFBC}") = "EntidadesAbstractas", "Clases Abstractas\EntidadesAbstractas.csproj", "{015B8D18-B34C-45A8-AE74-FEB2476AE60E}"
EndProject
Project("{FAE04EC0-301F-11D3-BF4B-00C04F79EFBC}") = "Archivos", "Archivos\Archivos.csproj", "{A622FBC4-2DE9-42B7-892E-75442FD7FFB2}"
EndProject
Project("{FAE04EC0-301F-11D3-BF4B-00C04F79EFBC}") = "EntidadesInstanciables", "Clases Instanciables\EntidadesInstanciables.csproj", "{9E6C851C-79FF-40DD-B8AF-BC6DA271AE8E}"
EndProject
Project("{FAE04EC0-301F-11D3-BF4B-00C04F79EFBC}") = "Excepciones", "Excepciones\Excepciones.csproj", "{032535F0-F662-463F-8B0D-0C619815A225}"
EndProject
Project("{FAE04EC0-301F-11D3-BF4B-00C04F79EFBC}") = "TestsUnitarios", "TestsUnitarios\TestsUnitarios.csproj", "{7942FF2C-EAED-46AA-893B-46F34EB7F7FC}"
EndProject
Global
	GlobalSection(SolutionConfigurationPlatforms) = preSolution
		Debug|Any CPU = Debug|Any CPU
		Release|Any CPU = Release|Any CPU
	EndGlobalSection
	GlobalSection(ProjectConfigurationPlatforms) = postSolution
		{2F0D1B01-4C22-4BE9-87B3-02AC12E85886}.Debug|Any CPU.ActiveCfg = Debug|Any CPU
		{2F0D1B01-4C22-4BE9-87B3-02AC12E85886}.Debug|Any CPU.Build.0 = Debug|Any CPU
		{2F0D1B01-4C22-4BE9-87B3-02AC12E85886}.Release|Any CPU.ActiveCfg = Release|Any CPU
		{2F0D1B01-4C22-4BE9-87B3-02AC12E85886}.Release|Any CPU.Build.0 = Release|Any CPU
		{015B8D18-B34C-45A8-AE74-FEB2476AE60E}.Debug|Any CPU.ActiveCfg = Debug|Any CPU
		{015B8D18-B34C-45A8-AE74-FEB2476AE60E}.Debug|Any CPU.Build.0 = Debug|Any CPU
		{015B8D18-B34C-45A8-AE74-FEB2476AE60E}.Release|Any CPU.ActiveCfg = Release|Any CPU
		{015B8D18-B34C-45A8-AE74-FEB2476AE60E}.Release|Any CPU.Build.0 = Release|Any CPU
		{A622FBC4-2DE9-42B7-892E-75442FD7FFB2}.Debug|Any CPU.ActiveCfg = Debug|Any CPU
		{A622FBC4-2DE9-42B7-892E-75442FD7FFB2}.Debug|Any CPU.Build.0 = Debug|Any CPU
		{A622FBC4-2DE9-42B7-892E-75442FD7FFB2}.Release|Any CPU.ActiveCfg = Release|Any CPU
		{A622FBC4-2DE9-42B7-892E-75442FD7FFB2}.Release|Any CPU.Build.0 = Release|Any CPU
		{9E6C851C-79FF-40DD-B8AF-BC6DA271AE8E}.Debug|Any CPU.ActiveCfg = Debug|Any CPU
		{9E6C851C-79FF-40DD-B8AF-BC6DA271AE8E}.Debug|Any CPU.Build.0 = Debug|Any CPU
		{9E6C851C-79FF-40DD-B8AF-BC6DA271AE8E}.Release|Any CPU.ActiveCfg = Release|Any CPU
		{9E6C851C-79FF-40DD-B8AF-BC6DA271AE8E}.Release|Any CPU.Build.0 = Release|Any CPU
		{032535F0-F662-463F-8B0D-0C619815A225}.Debug|Any CPU.ActiveCfg = Debug|Any CPU
		{032535F0-F662-463F-8B0D-0C619815A225}.Debug|Any CPU.Build.0 = Debug|Any CPU
		{032535F0-F662-463F-8B0D-0C619815A225}.Release|Any CPU.ActiveCfg = Release|Any CPU
		{032535F0-F662-463F-8B0D-0C619815A225}.Release|Any CPU.Build.0 = Release|Any CPU
		{7942FF2C-EAED-46AA-893B-46F34EB7F7FC}.Debug|Any CPU.ActiveCfg = Debug|Any CPU
		{7942FF2C-EAED-46AA-893B-46F34EB7F7FC}.Debug|Any CPU.Build.0 = Debug|Any CPU
		{7942FF2C-EAED-46AA-893B-46F34EB7F7FC}.Release|Any CPU.ActiveCfg = Release|Any CPU
		{7942FF2C-EAED-46AA-893B-46F34EB7F7FC}.Release|Any CPU.Build.0 = Release|Any CPU
	EndGlobalSection
	GlobalSection(SolutionProperties) = preSolution
		HideSolutionNode = FALSE
	EndGlobalSection
	GlobalSection(ExtensibilityGlobals) = postSolution
		SolutionGuid = {84890DBF-258E-4CD9-A440-D73FEAD88CF7}
	EndGlobalSection
EndGlobal
